{
  "name": "public",
  "version": "1.0.0",
  "lockfileVersion": 1,
  "requires": true,
  "dependencies": {
    "lodash": {
      "version": "4.17.10",
      "resolved": "https://registry.npmjs.org/lodash/-/lodash-4.17.10.tgz",
      "integrity": "sha512-UejweD1pDoXu+AD825lWwp4ZGtSwgnpZxb3JDViD7StjQz+Nb/6l093lx4OQ0foGWNRoc19mWy7BzL+UAK2iVg=="
    },
    "moment": {
      "version": "2.22.2",
      "resolved": "https://registry.npmjs.org/moment/-/moment-2.22.2.tgz",
      "integrity": "sha1-PCV/mDn8DpP/UxSWMiOeuQeD/2Y="
    },
    "vue": {
      "version": "2.5.16",
      "resolved": "https://registry.npmjs.org/vue/-/vue-2.5.16.tgz",
      "integrity": "sha512-/ffmsiVuPC8PsWcFkZngdpas19ABm5mh2wA7iDqcltyCTwlgZjHGeJYOXkBMo422iPwIcviOtrTCUpSfXmToLQ=="
    },
    "vue-npm": {
      "version": "1.0.6",
      "resolved": "https://registry.npmjs.org/vue-npm/-/vue-npm-1.0.6.tgz",
      "integrity": "sha1-5l+aJvvNAYJLxkiiStHx8ELGjIY=",
      "requires": {
        "moment": "^2.22.1",
        "vue": "^2.5.16",
        "webpack-merge": "^4.1.2"
      }
    },
    "webpack-merge": {
      "version": "4.1.2",
      "resolved": "https://registry.npmjs.org/webpack-merge/-/webpack-merge-4.1.2.tgz",
      "integrity": "sha512-/0QYwW/H1N/CdXYA2PNPVbsxO3u2Fpz34vs72xm03SRfg6bMNGfMJIQEpQjKRvkG2JvT6oRJFpDtSrwbX8Jzvw==",
      "requires": {
        "lodash": "^4.17.5"
      }
    }
  }
}
